{
  "name": "aws-provider",
  "requires": true,
  "lockfileVersion": 1,
  "dependencies": {
    "@aws-crypto/ie11-detection": {
      "version": "1.0.0-alpha.0",
      "resolved": "https://registry.npmjs.org/@aws-crypto/ie11-detection/-/ie11-detection-1.0.0-alpha.0.tgz",
      "integrity": "sha512-TQ55S96+aD/iZF/VdgbLqCm2um8mQhjNrlFqQEJkXc12L4taF0wz0FfdFSJ9Uuy6EIf4GjgvbLExgJwxmFqL5A==",
      "requires": {
        "tslib": "^1.9.3"
      }
    },
    "@aws-crypto/sha256-browser": {
      "version": "1.0.0-alpha.0",
      "resolved": "https://registry.npmjs.org/@aws-crypto/sha256-browser/-/sha256-browser-1.0.0-alpha.0.tgz",
      "integrity": "sha512-ZhULGaJKI/o8KROknqvnmYX3gphPQL5HLoMdVD5yPEsEsFG7rEIu4ORv2s6uaiqkdEkXZcdS+CNC8ekIndr9QA==",
      "requires": {
        "@aws-crypto/ie11-detection": "^1.0.0-alpha.0",
        "@aws-crypto/sha256-js": "^1.0.0-alpha.0",
        "@aws-crypto/supports-web-crypto": "^1.0.0-alpha.0",
        "@aws-sdk/types": "^1.0.0-alpha.0",
        "@aws-sdk/util-locate-window": "^1.0.0-alpha.0",
        "@aws-sdk/util-utf8-browser": "^1.0.0-alpha.0",
        "tslib": "^1.9.3"
      }
    },
    "@aws-crypto/sha256-js": {
      "version": "1.0.0-alpha.0",
      "resolved": "https://registry.npmjs.org/@aws-crypto/sha256-js/-/sha256-js-1.0.0-alpha.0.tgz",
      "integrity": "sha512-GidX2lccEtHZw8mXDKJQj6tea7qh3pAnsNSp1eZNxsN4MMu2OvSraPSqiB1EihsQkZBMg0IiZPpZHoACUX/QMQ==",
      "requires": {
        "@aws-sdk/types": "^1.0.0-alpha.0",
        "@aws-sdk/util-utf8-browser": "^1.0.0-alpha.0",
        "tslib": "^1.9.3"
      }
    },
    "@aws-crypto/supports-web-crypto": {
      "version": "1.0.0-alpha.0",
      "resolved": "https://registry.npmjs.org/@aws-crypto/supports-web-crypto/-/supports-web-crypto-1.0.0-alpha.0.tgz",
      "integrity": "sha512-jVWjNCoEKY49NIWyU1ia1RvtupEZEzOTkYZ1kRH+Z0RqIg9DZksQ7PbSRvxtAv8rTBdyGSgQdEpbFtQtm/ZiRQ==",
      "requires": {
        "tslib": "^1.9.3"
      }
    },
    "@aws-sdk/abort-controller": {
      "version": "1.0.0-beta.4",
      "resolved": "https://registry.npmjs.org/@aws-sdk/abort-controller/-/abort-controller-1.0.0-beta.4.tgz",
      "integrity": "sha512-qIIEAbqSwDgDlrQzAyRDbURHg/g65+rhQJGiHiq9/xjIbM8UxDumOI7RWAjxCHLUIa2OjoQQUJrhr2iQ9+IvlA==",
      "requires": {
        "@aws-sdk/types": "1.0.0-beta.4",
        "tslib": "^1.8.0"
      }
    },
    "@aws-sdk/client-dynamodb": {
      "version": "1.0.0-beta.5",
      "resolved": "https://registry.npmjs.org/@aws-sdk/client-dynamodb/-/client-dynamodb-1.0.0-beta.5.tgz",
      "integrity": "sha512-M/IC2HLn++6G7VRseQvf0oMjyv0uO1v5v9RM5D6nL1/Ux8SjJbFbXb3tb3NQHBi7EnCAtJGKP36nbhPlvWFBvw==",
      "requires": {
        "@aws-crypto/sha256-browser": "^1.0.0-alpha.0",
        "@aws-crypto/sha256-js": "^1.0.0-alpha.0",
        "@aws-sdk/config-resolver": "1.0.0-beta.4",
        "@aws-sdk/credential-provider-node": "1.0.0-beta.4",
        "@aws-sdk/fetch-http-handler": "1.0.0-beta.4",
        "@aws-sdk/hash-node": "1.0.0-beta.4",
        "@aws-sdk/invalid-dependency": "1.0.0-beta.2",
        "@aws-sdk/middleware-content-length": "1.0.0-beta.4",
        "@aws-sdk/middleware-host-header": "1.0.0-beta.4",
        "@aws-sdk/middleware-retry": "1.0.0-beta.4",
        "@aws-sdk/middleware-serde": "1.0.0-beta.4",
        "@aws-sdk/middleware-signing": "1.0.0-beta.4",
        "@aws-sdk/middleware-stack": "1.0.0-beta.4",
        "@aws-sdk/middleware-user-agent": "1.0.0-beta.4",
        "@aws-sdk/node-http-handler": "1.0.0-beta.4",
        "@aws-sdk/protocol-http": "1.0.0-beta.4",
        "@aws-sdk/region-provider": "1.0.0-beta.4",
        "@aws-sdk/smithy-client": "1.0.0-beta.5",
        "@aws-sdk/stream-collector-browser": "1.0.0-beta.4",
        "@aws-sdk/stream-collector-native": "1.0.0-beta.4",
        "@aws-sdk/stream-collector-node": "1.0.0-beta.4",
        "@aws-sdk/types": "1.0.0-beta.4",
        "@aws-sdk/url-parser-browser": "1.0.0-beta.4",
        "@aws-sdk/url-parser-node": "1.0.0-beta.4",
        "@aws-sdk/util-base64-browser": "1.0.0-beta.2",
        "@aws-sdk/util-base64-node": "1.0.0-beta.3",
        "@aws-sdk/util-body-length-browser": "1.0.0-beta.2",
        "@aws-sdk/util-body-length-node": "1.0.0-beta.2",
        "@aws-sdk/util-user-agent-browser": "1.0.0-beta.4",
        "@aws-sdk/util-user-agent-node": "1.0.0-beta.4",
        "@aws-sdk/util-utf8-browser": "1.0.0-beta.2",
        "@aws-sdk/util-utf8-node": "1.0.0-beta.3",
        "tslib": "^1.8.0",
        "uuid": "^7.0.0"
      }
    },
    "@aws-sdk/config-resolver": {
      "version": "1.0.0-beta.4",
      "resolved": "https://registry.npmjs.org/@aws-sdk/config-resolver/-/config-resolver-1.0.0-beta.4.tgz",
      "integrity": "sha512-kuzokH5wPSQToB8XWAefns69+b2GoRqvpx3K1xOdTkZ0yoORYS62Ua4Z8HFW7TgC33QQ2+p9jhbpL8yblGiLfA==",
      "requires": {
        "@aws-sdk/signature-v4": "1.0.0-beta.4",
        "@aws-sdk/types": "1.0.0-beta.4",
        "tslib": "^1.8.0"
      }
    },
    "@aws-sdk/credential-provider-env": {
      "version": "1.0.0-beta.4",
      "resolved": "https://registry.npmjs.org/@aws-sdk/credential-provider-env/-/credential-provider-env-1.0.0-beta.4.tgz",
      "integrity": "sha512-fVgKikIT39G6GRYGeyNevWbGDeQD/aD9zegdm93llonC1Cy3Ax1sCzSLG8gbjQccVlN1b/dD7S0U4fB+omiEHQ==",
      "requires": {
        "@aws-sdk/property-provider": "1.0.0-beta.4",
        "@aws-sdk/types": "1.0.0-beta.4",
        "tslib": "^1.8.0"
      }
    },
    "@aws-sdk/credential-provider-imds": {
      "version": "1.0.0-beta.4",
      "resolved": "https://registry.npmjs.org/@aws-sdk/credential-provider-imds/-/credential-provider-imds-1.0.0-beta.4.tgz",
      "integrity": "sha512-K/8QpAKn7t/S4yzeEMVI1FQYcFO22uvsSooxy343dwP5Gq8darVJMIRtrqzOiX9FY3H4pWlQcjugf5KGyVDbiQ==",
      "requires": {
        "@aws-sdk/property-provider": "1.0.0-beta.4",
        "@aws-sdk/types": "1.0.0-beta.4",
        "tslib": "^1.8.0"
      }
    },
    "@aws-sdk/credential-provider-ini": {
      "version": "1.0.0-beta.4",
      "resolved": "https://registry.npmjs.org/@aws-sdk/credential-provider-ini/-/credential-provider-ini-1.0.0-beta.4.tgz",
      "integrity": "sha512-li4plcu88XDi97sAV8nOfkbk0hZ4WUrLXr5FX0HkbrlW5/qusnOfUhOVsU3yeWzdlvA/tZtvgWI5lBBUgekbsQ==",
      "requires": {
        "@aws-sdk/property-provider": "1.0.0-beta.4",
        "@aws-sdk/shared-ini-file-loader": "1.0.0-beta.4",
        "@aws-sdk/types": "1.0.0-beta.4",
        "tslib": "^1.8.0"
      }
    },
    "@aws-sdk/credential-provider-node": {
      "version": "1.0.0-beta.4",
      "resolved": "https://registry.npmjs.org/@aws-sdk/credential-provider-node/-/credential-provider-node-1.0.0-beta.4.tgz",
      "integrity": "sha512-g12o7J8SFjtkK9YXSm9/NkaNs1WFwCVu3+BcCEFH1km3/u5SJi6shwZ5fb3ojPS/gkuXyFP6tDSzwvFGTUoHwg==",
      "requires": {
        "@aws-sdk/credential-provider-env": "1.0.0-beta.4",
        "@aws-sdk/credential-provider-imds": "1.0.0-beta.4",
        "@aws-sdk/credential-provider-ini": "1.0.0-beta.4",
        "@aws-sdk/credential-provider-process": "1.0.0-beta.4",
        "@aws-sdk/property-provider": "1.0.0-beta.4",
        "@aws-sdk/types": "1.0.0-beta.4",
        "tslib": "^1.8.0"
      }
    },
    "@aws-sdk/credential-provider-process": {
      "version": "1.0.0-beta.4",
      "resolved": "https://registry.npmjs.org/@aws-sdk/credential-provider-process/-/credential-provider-process-1.0.0-beta.4.tgz",
      "integrity": "sha512-as72MiJCvg2QpkoV+CIeO+t1Lw0lBXsN8UokxVzrew7oZz114CkNh0wD5ZqvjAN/Tp6jer/FB/kX0/APtpwy2A==",
      "requires": {
        "@aws-sdk/credential-provider-ini": "1.0.0-beta.4",
        "@aws-sdk/property-provider": "1.0.0-beta.4",
        "@aws-sdk/shared-ini-file-loader": "1.0.0-beta.4",
        "@aws-sdk/types": "1.0.0-beta.4",
        "tslib": "^1.8.0"
      }
    },
    "@aws-sdk/fetch-http-handler": {
      "version": "1.0.0-beta.4",
      "resolved": "https://registry.npmjs.org/@aws-sdk/fetch-http-handler/-/fetch-http-handler-1.0.0-beta.4.tgz",
      "integrity": "sha512-q/Z1UBfVvC06GeOnugKya28OtroeV21FrasonoY8YZ/G8PdewJDvz2PWtnL6RbGaXj1wtAzWWTIZ0P2hP8sSFw==",
      "requires": {
        "@aws-sdk/protocol-http": "1.0.0-beta.4",
        "@aws-sdk/querystring-builder": "1.0.0-beta.4",
        "@aws-sdk/types": "1.0.0-beta.4",
        "tslib": "^1.8.0"
      }
    },
    "@aws-sdk/hash-node": {
      "version": "1.0.0-beta.4",
      "resolved": "https://registry.npmjs.org/@aws-sdk/hash-node/-/hash-node-1.0.0-beta.4.tgz",
      "integrity": "sha512-t2frvhAuVOMfnrRMV+V6GdOEIWcOEIY1543aBYOJpVGgOdmnI4NdOjMSUFmLzDKsn3hGMMZSQ05Ti/yBCiueNg==",
      "requires": {
        "@aws-sdk/types": "1.0.0-beta.4",
        "@aws-sdk/util-buffer-from": "1.0.0-beta.3",
        "tslib": "^1.8.0"
      }
    },
    "@aws-sdk/invalid-dependency": {
      "version": "1.0.0-beta.2",
      "resolved": "https://registry.npmjs.org/@aws-sdk/invalid-dependency/-/invalid-dependency-1.0.0-beta.2.tgz",
      "integrity": "sha512-C+TbPk5TacKzNyXeTyRSXezSYJ/f9EHeynuSj2dh6FFVG23dtEqsdGXkz3JZ+jZb+L3Kzl2LaK3OV9S2+gtX6w==",
      "requires": {
        "tslib": "^1.8.0"
      }
    },
    "@aws-sdk/is-array-buffer": {
      "version": "1.0.0-beta.2",
      "resolved": "https://registry.npmjs.org/@aws-sdk/is-array-buffer/-/is-array-buffer-1.0.0-beta.2.tgz",
      "integrity": "sha512-wIxfDCwhNmN5fZ+mUCIVcGP1s6GqXTfJAbPttfuxQW3oItQMZn2PPGiVuIS3F7CPij+/pQGwuw6T3mMJGnivGw==",
      "requires": {
        "tslib": "^1.8.0"
      }
    },
    "@aws-sdk/middleware-content-length": {
      "version": "1.0.0-beta.4",
      "resolved": "https://registry.npmjs.org/@aws-sdk/middleware-content-length/-/middleware-content-length-1.0.0-beta.4.tgz",
      "integrity": "sha512-wHpoSBMTMf3GgSYZeVtlN9N8k+n9M5uEFzEUVduPwgSvTXcWuJE+K4Vcgr0XiO7hZm9Pbry6nbmCLCRWW3M3ew==",
      "requires": {
        "@aws-sdk/protocol-http": "1.0.0-beta.4",
        "@aws-sdk/types": "1.0.0-beta.4",
        "tslib": "^1.8.0"
      }
    },
    "@aws-sdk/middleware-host-header": {
      "version": "1.0.0-beta.4",
      "resolved": "https://registry.npmjs.org/@aws-sdk/middleware-host-header/-/middleware-host-header-1.0.0-beta.4.tgz",
      "integrity": "sha512-2H77+Ab0Jec55mGotWcNvCF9Rb3YlddFOQ4fg2YwEOmJhrWUWlXa3gcOaKo1CK7qYl3shdKjYCWBYust3fDu3w==",
      "requires": {
        "@aws-sdk/protocol-http": "1.0.0-beta.4",
        "@aws-sdk/types": "1.0.0-beta.4",
        "tslib": "^1.8.0"
      }
    },
    "@aws-sdk/middleware-retry": {
      "version": "1.0.0-beta.4",
      "resolved": "https://registry.npmjs.org/@aws-sdk/middleware-retry/-/middleware-retry-1.0.0-beta.4.tgz",
      "integrity": "sha512-DplPlwUyAqUZmbXMQ3dIXLiqr3Ucpu9oe49Qr95kcWOqkoQ9Fii2AR0xDC2nYCaflTQS1mDFYiBLviBW+PjvRA==",
      "requires": {
        "@aws-sdk/service-error-classification": "1.0.0-beta.2",
        "@aws-sdk/types": "1.0.0-beta.4",
        "tslib": "^1.8.0"
      }
    },
    "@aws-sdk/middleware-serde": {
      "version": "1.0.0-beta.4",
      "resolved": "https://registry.npmjs.org/@aws-sdk/middleware-serde/-/middleware-serde-1.0.0-beta.4.tgz",
      "integrity": "sha512-L+CftWoTx0xStPXT99fPvH8/fLkYzO9U2fzdLu7FQKhgGYt5XGDJ7gjtIbsdW8uZOX+83PME8iq02E5/pFvEUw==",
      "requires": {
        "@aws-sdk/types": "1.0.0-beta.4",
        "tslib": "^1.8.0"
      }
    },
    "@aws-sdk/middleware-signing": {
      "version": "1.0.0-beta.4",
      "resolved": "https://registry.npmjs.org/@aws-sdk/middleware-signing/-/middleware-signing-1.0.0-beta.4.tgz",
      "integrity": "sha512-8BPKeKF7ONIUN/XSY1yRj+5hj/02S2VPZTQFrGkiUSxyk8RUQ3XUTyS9cPZiHTgfJIaE/vEjm8XV5YZy3NN9PA==",
      "requires": {
        "@aws-sdk/protocol-http": "1.0.0-beta.4",
        "@aws-sdk/signature-v4": "1.0.0-beta.4",
        "@aws-sdk/types": "1.0.0-beta.4",
        "tslib": "^1.8.0"
      }
    },
    "@aws-sdk/middleware-stack": {
      "version": "1.0.0-beta.4",
      "resolved": "https://registry.npmjs.org/@aws-sdk/middleware-stack/-/middleware-stack-1.0.0-beta.4.tgz",
      "integrity": "sha512-+eja85rupcPEoaMvYgh+qlTC2DWQzKSK4ie0muyVk9i01SCOdVWTV3g0vEliW/5lNirbvuzDCs2XzdQjmGWxwg==",
      "requires": {
        "@aws-sdk/types": "1.0.0-beta.4",
        "tslib": "^1.8.0"
      }
    },
    "@aws-sdk/middleware-user-agent": {
      "version": "1.0.0-beta.4",
      "resolved": "https://registry.npmjs.org/@aws-sdk/middleware-user-agent/-/middleware-user-agent-1.0.0-beta.4.tgz",
      "integrity": "sha512-8b3TBaVjOoAIFtwEedeJqEYaGTqL4HNaR+IiPjjl9GOJ4UVDOADDL8XK/BLqpW6qr3G0egpla/Q11g5F+jKhAQ==",
      "requires": {
        "@aws-sdk/protocol-http": "1.0.0-beta.4",
        "@aws-sdk/types": "1.0.0-beta.4",
        "tslib": "^1.8.0"
      }
    },
    "@aws-sdk/node-http-handler": {
      "version": "1.0.0-beta.4",
      "resolved": "https://registry.npmjs.org/@aws-sdk/node-http-handler/-/node-http-handler-1.0.0-beta.4.tgz",
      "integrity": "sha512-zsSIPbiOy3GKda7j/zsxsMAzwABsKlTE1DNq2J4OZudoT51DwYXK1foyDKf8OgLsjGf2eIxfaucYd6WXSWiI3A==",
      "requires": {
        "@aws-sdk/abort-controller": "1.0.0-beta.4",
        "@aws-sdk/protocol-http": "1.0.0-beta.4",
        "@aws-sdk/querystring-builder": "1.0.0-beta.4",
        "@aws-sdk/types": "1.0.0-beta.4",
        "tslib": "^1.8.0"
      }
    },
    "@aws-sdk/property-provider": {
      "version": "1.0.0-beta.4",
      "resolved": "https://registry.npmjs.org/@aws-sdk/property-provider/-/property-provider-1.0.0-beta.4.tgz",
      "integrity": "sha512-p8LuFom3JuE946i/QenftI4mJng8wHAvVRUO3cMfcz445LRdty0yfxiIE6HZH66LfskoFymhIhX0JThNXfWiNg==",
      "requires": {
        "@aws-sdk/types": "1.0.0-beta.4",
        "tslib": "^1.8.0"
      }
    },
    "@aws-sdk/protocol-http": {
      "version": "1.0.0-beta.4",
      "resolved": "https://registry.npmjs.org/@aws-sdk/protocol-http/-/protocol-http-1.0.0-beta.4.tgz",
      "integrity": "sha512-+8sOcorCEd7+B+0IIgFNgQBk1R6AgwgNZ+alTs5c5oPMOX70pyjmvmlYYovnJ4vZR2imH+uNQ8/x8UK9+DQN4g==",
      "requires": {
        "@aws-sdk/types": "1.0.0-beta.4",
        "tslib": "^1.8.0"
      }
    },
    "@aws-sdk/querystring-builder": {
      "version": "1.0.0-beta.4",
      "resolved": "https://registry.npmjs.org/@aws-sdk/querystring-builder/-/querystring-builder-1.0.0-beta.4.tgz",
      "integrity": "sha512-2NVxsO4lM1FzfKUe+b+gcKoKvEAS370q1tep53ygp7Q/U4Ddy0FXKYR81sADRtieAEyCh/GaZsYQ1rFTVkE2DQ==",
      "requires": {
        "@aws-sdk/types": "1.0.0-beta.4",
        "@aws-sdk/util-uri-escape": "1.0.0-beta.4",
        "tslib": "^1.8.0"
      }
    },
    "@aws-sdk/querystring-parser": {
      "version": "1.0.0-beta.4",
      "resolved": "https://registry.npmjs.org/@aws-sdk/querystring-parser/-/querystring-parser-1.0.0-beta.4.tgz",
      "integrity": "sha512-op0hysT7q7r3Llq2n2TSHrod42ZTE8NKDq/4OlIXXQ7GasuFFyt7D5DjrWxRlo7k02PSMogzcqKT/w48rM7EPA==",
      "requires": {
        "@aws-sdk/types": "1.0.0-beta.4",
        "tslib": "^1.8.0"
      }
    },
    "@aws-sdk/region-provider": {
      "version": "1.0.0-beta.4",
      "resolved": "https://registry.npmjs.org/@aws-sdk/region-provider/-/region-provider-1.0.0-beta.4.tgz",
      "integrity": "sha512-SxzMMXfGOcOU3BHkvX3kTtWCHeoOU6XKgTZBlpHSftkEiucFZSK8NKOrKbSE7fctPMuVkC7b6qFR8ulijI0ZPQ==",
      "requires": {
        "@aws-sdk/property-provider": "1.0.0-beta.4",
        "@aws-sdk/shared-ini-file-loader": "1.0.0-beta.4",
        "@aws-sdk/types": "1.0.0-beta.4",
        "tslib": "^1.8.0"
      }
    },
    "@aws-sdk/service-error-classification": {
      "version": "1.0.0-beta.2",
      "resolved": "https://registry.npmjs.org/@aws-sdk/service-error-classification/-/service-error-classification-1.0.0-beta.2.tgz",
      "integrity": "sha512-2SYU1j7UZAmia41fICRUnHlm6sgtQUdW9afJ3sEN+ABS7FBBbp6vdOdFWa7bi9QUzrnTm6hVaX2Nd5YYomao6A=="
    },
    "@aws-sdk/shared-ini-file-loader": {
      "version": "1.0.0-beta.4",
      "resolved": "https://registry.npmjs.org/@aws-sdk/shared-ini-file-loader/-/shared-ini-file-loader-1.0.0-beta.4.tgz",
      "integrity": "sha512-1uDbBPe1PS6yXoJ82ZsTadOUjN3dic4vLCu1GlL/9aMD6BGLvzJc7TgWm4VUnIUFCNHGfe13a7TMQ6R6qV4myA==",
      "requires": {
        "tslib": "^1.8.0"
      }
    },
    "@aws-sdk/signature-v4": {
      "version": "1.0.0-beta.4",
      "resolved": "https://registry.npmjs.org/@aws-sdk/signature-v4/-/signature-v4-1.0.0-beta.4.tgz",
      "integrity": "sha512-q6lvT4OT0PW29acjIO6B7df5xlOAq5l6oBP8v570TjoDrZ32LXr7J9gajccyJvpgvB8YdEO0ncYIacOJhNSi9g==",
      "requires": {
        "@aws-sdk/is-array-buffer": "1.0.0-beta.2",
        "@aws-sdk/types": "1.0.0-beta.4",
        "@aws-sdk/util-hex-encoding": "1.0.0-beta.2",
        "@aws-sdk/util-uri-escape": "1.0.0-beta.4",
        "tslib": "^1.8.0"
      }
    },
    "@aws-sdk/smithy-client": {
      "version": "1.0.0-beta.5",
      "resolved": "https://registry.npmjs.org/@aws-sdk/smithy-client/-/smithy-client-1.0.0-beta.5.tgz",
      "integrity": "sha512-klB7a9JjViC6Jr/nhSpYfBAMZ6NKDKVrS+6i0K90nSd1rIzCRD8TiRid86HRch8/l7Oty0JtKGW3sst3kXxrEw==",
      "requires": {
        "@aws-sdk/middleware-stack": "1.0.0-beta.4",
        "@aws-sdk/types": "1.0.0-beta.4",
        "tslib": "^1.8.0"
      }
    },
    "@aws-sdk/stream-collector-browser": {
      "version": "1.0.0-beta.4",
      "resolved": "https://registry.npmjs.org/@aws-sdk/stream-collector-browser/-/stream-collector-browser-1.0.0-beta.4.tgz",
      "integrity": "sha512-A1BSuQBxKZfDKcbKN1dlp4AAvbBaLJb3/DD4wHK+/2sQxO30xrENZo8T3gebEdhidb3nxgPs887qFbNwvzTZ0Q==",
      "requires": {
        "@aws-sdk/types": "1.0.0-beta.4",
        "tslib": "^1.8.0"
      }
    },
    "@aws-sdk/stream-collector-native": {
      "version": "1.0.0-beta.4",
      "resolved": "https://registry.npmjs.org/@aws-sdk/stream-collector-native/-/stream-collector-native-1.0.0-beta.4.tgz",
      "integrity": "sha512-Z5/WhmSqA++lLR5K/THh4zCsdYBvxb01Ermi8JTl+ztWa9xRpZmu+AAp4txzpu3gD/VZ7ERAuLamwSTMo8KR8w==",
      "requires": {
        "@aws-sdk/types": "1.0.0-beta.4",
        "@aws-sdk/util-base64-browser": "1.0.0-beta.2",
        "tslib": "^1.8.0"
      }
    },
    "@aws-sdk/stream-collector-node": {
      "version": "1.0.0-beta.4",
      "resolved": "https://registry.npmjs.org/@aws-sdk/stream-collector-node/-/stream-collector-node-1.0.0-beta.4.tgz",
      "integrity": "sha512-Erm/Xl3agivWBfU1kyGvw1j617pOCp12Ajjz/T/6T8hJ9jiNlSOEWml9ZRVvritpVuhPN8Y6C7dD9+3LSbVJOA==",
      "requires": {
        "@aws-sdk/types": "1.0.0-beta.4",
        "tslib": "^1.8.0"
      }
    },
    "@aws-sdk/types": {
      "version": "1.0.0-beta.4",
      "resolved": "https://registry.npmjs.org/@aws-sdk/types/-/types-1.0.0-beta.4.tgz",
      "integrity": "sha512-32ZVLz5r7XUEZdvL1zonL8idVozxKQifgqiNf5BNFrHo7Fx26rm18c3Hx2jDFN9xh71iNlVpP6EUDPkSDZlq3Q=="
    },
    "@aws-sdk/url-parser-browser": {
      "version": "1.0.0-beta.4",
      "resolved": "https://registry.npmjs.org/@aws-sdk/url-parser-browser/-/url-parser-browser-1.0.0-beta.4.tgz",
      "integrity": "sha512-DLQJOYOAvPg931Ct4B8RKdtUi3DMQgDc1oguepqvHQ9QVPhVTTT281fBc5145rLO+HFApHmqPIX010JxDVtg0w==",
      "requires": {
        "@aws-sdk/querystring-parser": "1.0.0-beta.4",
        "@aws-sdk/types": "1.0.0-beta.4",
        "tslib": "^1.8.0"
      }
    },
    "@aws-sdk/url-parser-node": {
      "version": "1.0.0-beta.4",
      "resolved": "https://registry.npmjs.org/@aws-sdk/url-parser-node/-/url-parser-node-1.0.0-beta.4.tgz",
      "integrity": "sha512-J12nACFjACr83/jINQaBYhhD3lDv6hCbFv8832Z+Bxsni9V5uwGUDF6YgnMOOeYvJEdbkriVNAdjZb0gfmT9Og==",
      "requires": {
        "@aws-sdk/querystring-parser": "1.0.0-beta.4",
        "@aws-sdk/types": "1.0.0-beta.4",
        "tslib": "^1.8.0",
        "url": "^0.11.0"
      }
    },
    "@aws-sdk/util-base64-browser": {
      "version": "1.0.0-beta.2",
      "resolved": "https://registry.npmjs.org/@aws-sdk/util-base64-browser/-/util-base64-browser-1.0.0-beta.2.tgz",
      "integrity": "sha512-KMhVPHEjGIiamDlAJkXpmejGy6Em5ufBOQxX+CIjdOKVOQil8ybiHxnYrzfDUwQqztvIgJrpdSKyiV9PJmdK3A==",
      "requires": {
        "tslib": "^1.8.0"
      }
    },
    "@aws-sdk/util-base64-node": {
      "version": "1.0.0-beta.3",
      "resolved": "https://registry.npmjs.org/@aws-sdk/util-base64-node/-/util-base64-node-1.0.0-beta.3.tgz",
      "integrity": "sha512-0dPbPOeHRW7ik8a4ADUebCGFEuXUw5OTYp8Nvbp4lvu2kAihXM/b8hawtzHqr0jvBd+5iiq/xOPz7WRiVY/Dzg==",
      "requires": {
        "@aws-sdk/util-buffer-from": "1.0.0-beta.3",
        "tslib": "^1.8.0"
      }
    },
    "@aws-sdk/util-body-length-browser": {
      "version": "1.0.0-beta.2",
      "resolved": "https://registry.npmjs.org/@aws-sdk/util-body-length-browser/-/util-body-length-browser-1.0.0-beta.2.tgz",
      "integrity": "sha512-jlVVwV3rUtwjAKCvaJHkRqyLj636DhQmQcfjjslMCDdrO7ZK71A+EvVzF2qeVbiScBRQInnGEXHfF+oaa++mYQ==",
      "requires": {
        "tslib": "^1.8.0"
      }
    },
    "@aws-sdk/util-body-length-node": {
      "version": "1.0.0-beta.2",
      "resolved": "https://registry.npmjs.org/@aws-sdk/util-body-length-node/-/util-body-length-node-1.0.0-beta.2.tgz",
      "integrity": "sha512-Zo/fvgGGa4TXjQaBDltfkfi9pPruDDZo2seWi9L2TM9upF52O3Raaq+30LxPAteOKP49PbBfjzkJLkI79pkpLw==",
      "requires": {
        "tslib": "^1.8.0"
      }
    },
    "@aws-sdk/util-buffer-from": {
      "version": "1.0.0-beta.3",
      "resolved": "https://registry.npmjs.org/@aws-sdk/util-buffer-from/-/util-buffer-from-1.0.0-beta.3.tgz",
      "integrity": "sha512-sZLZY09mu1fpVhI0CUlocbXHiy3S6+LogaFHchSRlhXf5eSOCAP80nZBxjmjsksNvA1+UiQAap6QloNRNmdqCw==",
      "requires": {
        "@aws-sdk/is-array-buffer": "1.0.0-beta.2",
        "tslib": "^1.8.0"
      }
    },
    "@aws-sdk/util-hex-encoding": {
      "version": "1.0.0-beta.2",
      "resolved": "https://registry.npmjs.org/@aws-sdk/util-hex-encoding/-/util-hex-encoding-1.0.0-beta.2.tgz",
      "integrity": "sha512-QTCsXd7KMl9yRBYCRa6hcT5tne2CcUNUmxWqwm/Tn1fKsvIryIt70/pCsDgHVvacyGtml/KicjxmY7zuX9hbGA==",
      "requires": {
        "tslib": "^1.8.0"
      }
    },
    "@aws-sdk/util-locate-window": {
      "version": "1.0.0-beta.2",
      "resolved": "https://registry.npmjs.org/@aws-sdk/util-locate-window/-/util-locate-window-1.0.0-beta.2.tgz",
      "integrity": "sha512-WKl5NA16ibKYa6rK9J7HlLFivpIFNKxj6otEBSizit1XBZQINWdzWYMTZBrlvKdmOY1HDsmYL/PQ/QKnbI35nQ==",
      "requires": {
        "tslib": "^1.8.0"
      }
    },
    "@aws-sdk/util-uri-escape": {
      "version": "1.0.0-beta.4",
      "resolved": "https://registry.npmjs.org/@aws-sdk/util-uri-escape/-/util-uri-escape-1.0.0-beta.4.tgz",
      "integrity": "sha512-esOHixw50+KedjHB1doemTylD5Tw9w4fLCoHDE24XQfoQlU1zodpZTMF7+cO6FW9kAmpng6Wq6dsc9lWyni52g==",
      "requires": {
        "tslib": "^1.8.0"
      }
    },
    "@aws-sdk/util-user-agent-browser": {
      "version": "1.0.0-beta.4",
      "resolved": "https://registry.npmjs.org/@aws-sdk/util-user-agent-browser/-/util-user-agent-browser-1.0.0-beta.4.tgz",
      "integrity": "sha512-NoJLqrGEZ7LnVDqLR05Urv8p+hPPtNvc3TR1WFRWjp7tnLW/e2Qlt0eZ0ry3dZpkgaTqdtio9/MXojmVVHwXpg==",
      "requires": {
        "@aws-sdk/types": "1.0.0-beta.4",
        "tslib": "^1.8.0"
      }
    },
    "@aws-sdk/util-user-agent-node": {
      "version": "1.0.0-beta.4",
      "resolved": "https://registry.npmjs.org/@aws-sdk/util-user-agent-node/-/util-user-agent-node-1.0.0-beta.4.tgz",
      "integrity": "sha512-UpL1zV45ZjxDtDYUTZhbtDO3+4r7yKXnRmjJGhdM+0duj0AyhJOngtBJdsX/9YPDf8PrMUrzxm0AO1UAxx7wcw==",
      "requires": {
        "@aws-sdk/types": "1.0.0-beta.4",
        "tslib": "^1.8.0"
      }
    },
    "@aws-sdk/util-utf8-browser": {
      "version": "1.0.0-beta.2",
      "resolved": "https://registry.npmjs.org/@aws-sdk/util-utf8-browser/-/util-utf8-browser-1.0.0-beta.2.tgz",
      "integrity": "sha512-71qy8bV0L/wFUDdIyOp7T6iMvHV7T2fldlAlfYinun3uigWcQcTgoo6cqsCuoPlDaDsWGLDpnyCzWASEr2aI0A==",
      "requires": {
        "tslib": "^1.8.0"
      }
    },
    "@aws-sdk/util-utf8-node": {
      "version": "1.0.0-beta.3",
      "resolved": "https://registry.npmjs.org/@aws-sdk/util-utf8-node/-/util-utf8-node-1.0.0-beta.3.tgz",
      "integrity": "sha512-B1UPNrvr0oezJNMM+MpdejaWCEdfbkd88VnGbsXHgCsE72lRqdMfjnm84rqZZQ6ZWB6d6oKu0lzLrFIq3BdTDA==",
      "requires": {
        "@aws-sdk/util-buffer-from": "1.0.0-beta.3",
        "tslib": "^1.8.0"
      }
    },
    "aws-sdk": {
      "version": "2.673.0",
      "resolved": "https://registry.npmjs.org/aws-sdk/-/aws-sdk-2.673.0.tgz",
      "integrity": "sha512-OoEPqTLmA5+4uSFf/k4ZLb8cEdx+CwlzovqGf6/gKvb8VrUxe5B5/d2RGlGM777Ke9TmuFhJtTIDugpgc2jo/Q==",
      "requires": {
        "buffer": "4.9.1",
        "events": "1.1.1",
        "ieee754": "1.1.13",
        "jmespath": "0.15.0",
        "querystring": "0.2.0",
        "sax": "1.2.1",
        "url": "0.10.3",
        "uuid": "3.3.2",
        "xml2js": "0.4.19"
      },
      "dependencies": {
        "url": {
          "version": "0.10.3",
          "resolved": "https://registry.npmjs.org/url/-/url-0.10.3.tgz",
          "integrity": "sha1-Ah5NnHcF8hu/N9A861h2dAJ3TGQ=",
          "requires": {
            "punycode": "1.3.2",
            "querystring": "0.2.0"
          }
        },
        "uuid": {
          "version": "3.3.2",
          "resolved": "https://registry.npmjs.org/uuid/-/uuid-3.3.2.tgz",
          "integrity": "sha512-yXJmeNaw3DnnKAOKJE51sL/ZaYfWJRl1pK9dr19YFCu0ObS231AB1/LbqTKRAQ5kw8A90rA6fr4riOUpTZvQZA=="
        }
      }
    },
    "base64-js": {
      "version": "1.3.1",
      "resolved": "https://registry.npmjs.org/base64-js/-/base64-js-1.3.1.tgz",
      "integrity": "sha512-mLQ4i2QO1ytvGWFWmcngKO//JXAQueZvwEKtjgQFM4jIK0kU+ytMfplL8j+n5mspOfjHwoAg+9yhb7BwAHm36g=="
    },
    "buffer": {
      "version": "4.9.1",
      "resolved": "https://registry.npmjs.org/buffer/-/buffer-4.9.1.tgz",
      "integrity": "sha1-bRu2AbB6TvztlwlBMgkwJ8lbwpg=",
      "requires": {
        "base64-js": "^1.0.2",
        "ieee754": "^1.1.4",
        "isarray": "^1.0.0"
      }
    },
    "events": {
      "version": "1.1.1",
      "resolved": "https://registry.npmjs.org/events/-/events-1.1.1.tgz",
      "integrity": "sha1-nr23Y1rQmccNzEwqH1AEKI6L2SQ="
    },
    "ieee754": {
      "version": "1.1.13",
      "resolved": "https://registry.npmjs.org/ieee754/-/ieee754-1.1.13.tgz",
      "integrity": "sha512-4vf7I2LYV/HaWerSo3XmlMkp5eZ83i+/CDluXi/IGTs/O1sejBNhTtnxzmRZfvOUqj7lZjqHkeTvpgSFDlWZTg=="
    },
    "isarray": {
      "version": "1.0.0",
      "resolved": "https://registry.npmjs.org/isarray/-/isarray-1.0.0.tgz",
      "integrity": "sha1-u5NdSFgsuhaMBoNJV6VKPgcSTxE="
    },
    "jmespath": {
      "version": "0.15.0",
      "resolved": "https://registry.npmjs.org/jmespath/-/jmespath-0.15.0.tgz",
      "integrity": "sha1-o/Iiqarp+Wb10nx5ZRDigJF2Qhc="
    },
    "punycode": {
      "version": "1.3.2",
      "resolved": "https://registry.npmjs.org/punycode/-/punycode-1.3.2.tgz",
      "integrity": "sha1-llOgNvt8HuQjQvIyXM7v6jkmxI0="
    },
    "querystring": {
      "version": "0.2.0",
      "resolved": "https://registry.npmjs.org/querystring/-/querystring-0.2.0.tgz",
      "integrity": "sha1-sgmEkgO7Jd+CDadW50cAWHhSFiA="
    },
    "sax": {
      "version": "1.2.1",
      "resolved": "https://registry.npmjs.org/sax/-/sax-1.2.1.tgz",
      "integrity": "sha1-e45lYZCyKOgaZq6nSEgNgozS03o="
    },
    "tslib": {
      "version": "1.11.2",
      "resolved": "https://registry.npmjs.org/tslib/-/tslib-1.11.2.tgz",
      "integrity": "sha512-tTSkux6IGPnUGUd1XAZHcpu85MOkIl5zX49pO+jfsie3eP0B6pyhOlLXm3cAC6T7s+euSDDUUV+Acop5WmtkVg=="
    },
    "url": {
      "version": "0.11.0",
      "resolved": "https://registry.npmjs.org/url/-/url-0.11.0.tgz",
      "integrity": "sha1-ODjpfPxgUh63PFJajlW/3Z4uKPE=",
      "requires": {
        "punycode": "1.3.2",
        "querystring": "0.2.0"
      }
    },
    "uuid": {
      "version": "7.0.3",
      "resolved": "https://registry.npmjs.org/uuid/-/uuid-7.0.3.tgz",
      "integrity": "sha512-DPSke0pXhTZgoF/d+WSt2QaKMCFSfx7QegxEWT+JOuHF5aWrKEn0G+ztjuJg/gG8/ItK+rbPCD/yNv8yyih6Cg=="
    },
    "xml2js": {
      "version": "0.4.19",
      "resolved": "https://registry.npmjs.org/xml2js/-/xml2js-0.4.19.tgz",
      "integrity": "sha512-esZnJZJOiJR9wWKMyuvSE1y6Dq5LCuJanqhxslH2bxM6duahNZ+HMpCLhBQGZkbX6xRf8x1Y2eJlgt2q3qo49Q==",
      "requires": {
        "sax": ">=0.6.0",
        "xmlbuilder": "~9.0.1"
      }
    },
    "xmlbuilder": {
      "version": "9.0.7",
      "resolved": "https://registry.npmjs.org/xmlbuilder/-/xmlbuilder-9.0.7.tgz",
      "integrity": "sha1-Ey7mPS7FVlxVfiD0wi35rKaGsQ0="
    }
  }
}
